
Microsoft Visual Studio Solution File, Format Version 12.00
# Visual Studio Version 16
VisualStudioVersion = 16.0.29613.14
MinimumVisualStudioVersion = 10.0.40219.1
Project("{FAE04EC0-301F-11D3-BF4B-00C04F79EFBC}") = "Polynom", "Polynom\Polynom.csproj", "{F66DB68D-B1F8-419A-8280-1BCAC8AFB23C}"
EndProject
Global
	GlobalSection(SolutionConfigurationPlatforms) = preSolution
		Debug|Any CPU = Debug|Any CPU
		Release|Any CPU = Release|Any CPU
	EndGlobalSection
	GlobalSection(ProjectConfigurationPlatforms) = postSolution
		{F66DB68D-B1F8-419A-8280-1BCAC8AFB23C}.Debug|Any CPU.ActiveCfg = Debug|Any CPU
		{F66DB68D-B1F8-419A-8280-1BCAC8AFB23C}.Debug|Any CPU.Build.0 = Debug|Any CPU
		{F66DB68D-B1F8-419A-8280-1BCAC8AFB23C}.Release|Any CPU.ActiveCfg = Release|Any CPU
		{F66DB68D-B1F8-419A-8280-1BCAC8AFB23C}.Release|Any CPU.Build.0 = Release|Any CPU
	EndGlobalSection
	GlobalSection(SolutionProperties) = preSolution
		HideSolutionNode = FALSE
	EndGlobalSection
	GlobalSection(ExtensibilityGlobals) = postSolution
		SolutionGuid = {C0C767AF-6BCE-48EF-81C7-0CCBD9FF4D40}
	EndGlobalSection
EndGlobal
